
Microsoft Visual Studio Solution File, Format Version 12.00
# Visual Studio Version 17
VisualStudioVersion = 17.5.002.0
MinimumVisualStudioVersion = 10.0.40219.1
Project("{9A19103F-16F7-4668-BE54-9A1E7A4F7556}") = "Modul", "Modul.csproj", "{BD3E28D4-7B4C-410E-AB67-00E9C466952D}"
EndProject
Global
	GlobalSection(SolutionConfigurationPlatforms) = preSolution
		Debug|Any CPU = Debug|Any CPU
		Release|Any CPU = Release|Any CPU
	EndGlobalSection
	GlobalSection(ProjectConfigurationPlatforms) = postSolution
		{BD3E28D4-7B4C-410E-AB67-00E9C466952D}.Debug|Any CPU.ActiveCfg = Debug|Any CPU
		{BD3E28D4-7B4C-410E-AB67-00E9C466952D}.Debug|Any CPU.Build.0 = Debug|Any CPU
		{BD3E28D4-7B4C-410E-AB67-00E9C466952D}.Release|Any CPU.ActiveCfg = Release|Any CPU
		{BD3E28D4-7B4C-410E-AB67-00E9C466952D}.Release|Any CPU.Build.0 = Release|Any CPU
	EndGlobalSection
	GlobalSection(SolutionProperties) = preSolution
		HideSolutionNode = FALSE
	EndGlobalSection
	GlobalSection(ExtensibilityGlobals) = postSolution
		SolutionGuid = {E06F7036-06F5-4528-B536-537E4FD652A4}
	EndGlobalSection
EndGlobal
